Microsoft Visual Studio Solution File, Format Version 11.00
# Visual Studio 2008

Project("{6FFA19A9-81A4-B840-CCF7-062C6DFCA3C3}") = "House Example", "Assembly-CSharp.csproj", "{38CDBC15-5EC6-77B6-724B-6FA0531A7C09}"
EndProject
Project("{6FFA19A9-81A4-B840-CCF7-062C6DFCA3C3}") = "House Example", "Assembly-CSharp-Editor.csproj", "{3E0817CD-4F46-A5E8-03BC-D5BB1D78BF26}"
EndProject
Global
	GlobalSection(SolutionConfigurationPlatforms) = preSolution
		Debug|Any CPU = Debug|Any CPU
		Release|Any CPU = Release|Any CPU
	EndGlobalSection
	GlobalSection(ProjectConfigurationPlatforms) = postSolution
		{38CDBC15-5EC6-77B6-724B-6FA0531A7C09}.Debug|Any CPU.ActiveCfg = Debug|Any CPU
		{38CDBC15-5EC6-77B6-724B-6FA0531A7C09}.Debug|Any CPU.Build.0 = Debug|Any CPU
		{38CDBC15-5EC6-77B6-724B-6FA0531A7C09}.Release|Any CPU.ActiveCfg = Release|Any CPU
		{38CDBC15-5EC6-77B6-724B-6FA0531A7C09}.Release|Any CPU.Build.0 = Release|Any CPU
		{3E0817CD-4F46-A5E8-03BC-D5BB1D78BF26}.Debug|Any CPU.ActiveCfg = Debug|Any CPU
		{3E0817CD-4F46-A5E8-03BC-D5BB1D78BF26}.Debug|Any CPU.Build.0 = Debug|Any CPU
		{3E0817CD-4F46-A5E8-03BC-D5BB1D78BF26}.Release|Any CPU.ActiveCfg = Release|Any CPU
		{3E0817CD-4F46-A5E8-03BC-D5BB1D78BF26}.Release|Any CPU.Build.0 = Release|Any CPU
	EndGlobalSection
	GlobalSection(SolutionProperties) = preSolution
		HideSolutionNode = FALSE
	EndGlobalSection
	GlobalSection(MonoDevelopProperties) = preSolution
		StartupItem = Assembly-CSharp.csproj
	EndGlobalSection
EndGlobal
