Microsoft Visual Studio Solution File, Format Version 11.00
# Visual Studio 2008

Project("{65463B4F-B7C0-3243-586D-78C87ACC0323}") = "vrnd-course2-course_assets -003", "Assembly-CSharp.csproj", "{5AA697B8-E548-2FAB-74CC-48133AC4982C}"
EndProject
Project("{65463B4F-B7C0-3243-586D-78C87ACC0323}") = "vrnd-course2-course_assets -003", "Assembly-CSharp-Editor.csproj", "{17B0FD5B-B015-9EA9-9657-78B5C5A333FD}"
EndProject
Global
	GlobalSection(SolutionConfigurationPlatforms) = preSolution
		Debug|Any CPU = Debug|Any CPU
		Release|Any CPU = Release|Any CPU
	EndGlobalSection
	GlobalSection(ProjectConfigurationPlatforms) = postSolution
		{5AA697B8-E548-2FAB-74CC-48133AC4982C}.Debug|Any CPU.ActiveCfg = Debug|Any CPU
		{5AA697B8-E548-2FAB-74CC-48133AC4982C}.Debug|Any CPU.Build.0 = Debug|Any CPU
		{5AA697B8-E548-2FAB-74CC-48133AC4982C}.Release|Any CPU.ActiveCfg = Release|Any CPU
		{5AA697B8-E548-2FAB-74CC-48133AC4982C}.Release|Any CPU.Build.0 = Release|Any CPU
		{17B0FD5B-B015-9EA9-9657-78B5C5A333FD}.Debug|Any CPU.ActiveCfg = Debug|Any CPU
		{17B0FD5B-B015-9EA9-9657-78B5C5A333FD}.Debug|Any CPU.Build.0 = Debug|Any CPU
		{17B0FD5B-B015-9EA9-9657-78B5C5A333FD}.Release|Any CPU.ActiveCfg = Release|Any CPU
		{17B0FD5B-B015-9EA9-9657-78B5C5A333FD}.Release|Any CPU.Build.0 = Release|Any CPU
	EndGlobalSection
	GlobalSection(SolutionProperties) = preSolution
		HideSolutionNode = FALSE
	EndGlobalSection
	GlobalSection(MonoDevelopProperties) = preSolution
		StartupItem = Assembly-CSharp.csproj
	EndGlobalSection
EndGlobal
