Microsoft Visual Studio Solution File, Format Version 11.00
# Visual Studio 2008

Project("{8CDDE149-29A9-4E75-EAA4-E0661E3A5C42}") = "003-vr-software-development", "Assembly-CSharp.csproj", "{F580821F-AE60-C17C-CFDA-72EE48B41FD9}"
EndProject
Project("{8CDDE149-29A9-4E75-EAA4-E0661E3A5C42}") = "003-vr-software-development", "Assembly-CSharp-Editor.csproj", "{E4D8504F-8356-BE0C-E597-21522A27FB96}"
EndProject
Global
	GlobalSection(SolutionConfigurationPlatforms) = preSolution
		Debug|Any CPU = Debug|Any CPU
		Release|Any CPU = Release|Any CPU
	EndGlobalSection
	GlobalSection(ProjectConfigurationPlatforms) = postSolution
		{F580821F-AE60-C17C-CFDA-72EE48B41FD9}.Debug|Any CPU.ActiveCfg = Debug|Any CPU
		{F580821F-AE60-C17C-CFDA-72EE48B41FD9}.Debug|Any CPU.Build.0 = Debug|Any CPU
		{F580821F-AE60-C17C-CFDA-72EE48B41FD9}.Release|Any CPU.ActiveCfg = Release|Any CPU
		{F580821F-AE60-C17C-CFDA-72EE48B41FD9}.Release|Any CPU.Build.0 = Release|Any CPU
		{E4D8504F-8356-BE0C-E597-21522A27FB96}.Debug|Any CPU.ActiveCfg = Debug|Any CPU
		{E4D8504F-8356-BE0C-E597-21522A27FB96}.Debug|Any CPU.Build.0 = Debug|Any CPU
		{E4D8504F-8356-BE0C-E597-21522A27FB96}.Release|Any CPU.ActiveCfg = Release|Any CPU
		{E4D8504F-8356-BE0C-E597-21522A27FB96}.Release|Any CPU.Build.0 = Release|Any CPU
	EndGlobalSection
	GlobalSection(SolutionProperties) = preSolution
		HideSolutionNode = FALSE
	EndGlobalSection
	GlobalSection(MonoDevelopProperties) = preSolution
		StartupItem = Assembly-CSharp.csproj
	EndGlobalSection
EndGlobal
